
Microsoft Visual Studio Solution File, Format Version 12.00
# Visual Studio Version 17
VisualStudioVersion = 17.14.36705.20 d17.14
MinimumVisualStudioVersion = 10.0.40219.1
Project("{FAE04EC0-301F-11D3-BF4B-00C04F79EFBC}") = "CosoPracownikach", "CosoPracownikach\CosoPracownikach.csproj", "{2C816F4B-8AAB-4931-91E6-CE2141EDEB43}"
EndProject
Global
	GlobalSection(SolutionConfigurationPlatforms) = preSolution
		Debug|Any CPU = Debug|Any CPU
		Release|Any CPU = Release|Any CPU
	EndGlobalSection
	GlobalSection(ProjectConfigurationPlatforms) = postSolution
		{2C816F4B-8AAB-4931-91E6-CE2141EDEB43}.Debug|Any CPU.ActiveCfg = Debug|Any CPU
		{2C816F4B-8AAB-4931-91E6-CE2141EDEB43}.Debug|Any CPU.Build.0 = Debug|Any CPU
		{2C816F4B-8AAB-4931-91E6-CE2141EDEB43}.Release|Any CPU.ActiveCfg = Release|Any CPU
		{2C816F4B-8AAB-4931-91E6-CE2141EDEB43}.Release|Any CPU.Build.0 = Release|Any CPU
	EndGlobalSection
	GlobalSection(SolutionProperties) = preSolution
		HideSolutionNode = FALSE
	EndGlobalSection
	GlobalSection(ExtensibilityGlobals) = postSolution
		SolutionGuid = {F3830E53-B685-4DD8-88D6-730B07A42E1F}
	EndGlobalSection
EndGlobal
